{
  "requires": true,
  "lockfileVersion": 1,
  "dependencies": {
    "@angular/animations": {
      "version": "6.1.9",
      "resolved": "https://registry.npmjs.org/@angular/animations/-/animations-6.1.9.tgz",
      "integrity": "sha512-bPl5fNn4ja1S2Bn4xRT93wYqx0KjvZrX1FjpQltkf9dMmAdVpYj7spy+eYgClAMfZMWv7pa70F+FtSDkWbgRsA==",
      "requires": {
        "tslib": "^1.9.0"
      }
    },
    "@angular/cdk": {
      "version": "6.4.7",
      "resolved": "https://registry.npmjs.org/@angular/cdk/-/cdk-6.4.7.tgz",
      "integrity": "sha512-18x0U66fLD5kGQWZ9n3nb75xQouXlWs7kUDaTd8HTrHpT1s2QIAqlLd1KxfrYiVhsEC2jPQaoiae7VnBlcvkBg==",
      "requires": {
        "tslib": "^1.7.1"
      }
    },
    "@angular/material": {
      "version": "6.4.7",
      "resolved": "https://registry.npmjs.org/@angular/material/-/material-6.4.7.tgz",
      "integrity": "sha512-SdNx7Xovi24Kw9eU6lkLhY/7f2M7L9F+/uh6XuPr4jbGgCUVVpeeVI5ztZhsZRbj1sN+/r1p5w8u62apWWl5Ww==",
      "requires": {
        "parse5": "^5.0.0",
        "tslib": "^1.7.1"
      }
    },
    "ag-grid": {
      "version": "18.1.2",
      "resolved": "https://registry.npmjs.org/ag-grid/-/ag-grid-18.1.2.tgz",
      "integrity": "sha512-HtJt8iFcRKCBj5UHBDmwSLLr72F3XDACeBNarH4nJWFHIqcnu7u0Ifrd2nftPmfEBj6YjFHawDqcZL2yo3YfmQ=="
    },
    "ag-grid-angular": {
      "version": "19.0.0",
      "resolved": "https://registry.npmjs.org/ag-grid-angular/-/ag-grid-angular-19.0.0.tgz",
      "integrity": "sha512-44IcO4zaeuU+ImWbGmGhIaTVJPqEW+PLNfo77ImZBe5sgR/ClhI+N8cocmJXSAeN5yhcu9S1MfnZ+BvBTnI/8w=="
    },
    "ag-grid-community": {
      "version": "19.0.0",
      "resolved": "https://registry.npmjs.org/ag-grid-community/-/ag-grid-community-19.0.0.tgz",
      "integrity": "sha512-Qvf3+GUf+4XKxJTGGMZfxFiKBlMlBaGRSjNV2PdvyUuMs69nva++1p+jrRcbwS/jFHRdCqap6toNvzbc+EU2yQ=="
    },
    "bootstrap": {
      "version": "4.1.3",
      "resolved": "https://registry.npmjs.org/bootstrap/-/bootstrap-4.1.3.tgz",
      "integrity": "sha512-rDFIzgXcof0jDyjNosjv4Sno77X4KuPeFxG2XZZv1/Kc8DRVGVADdoQyyOVDwPqL36DDmtCQbrpMCqvpPLJQ0w=="
    },
    "font-awesome": {
      "version": "4.7.0",
      "resolved": "https://registry.npmjs.org/font-awesome/-/font-awesome-4.7.0.tgz",
      "integrity": "sha1-j6jPBBGhoxr9B7BtKQK7n8gVoTM="
    },
    "parse5": {
      "version": "5.1.0",
      "resolved": "https://registry.npmjs.org/parse5/-/parse5-5.1.0.tgz",
      "integrity": "sha512-fxNG2sQjHvlVAYmzBZS9YlDp6PTSSDwa98vkD4QgVDDCAo84z5X1t5XyJQ62ImdLXx5NdIIfihey6xpum9/gRQ=="
    },
    "popper.js": {
      "version": "1.14.4",
      "resolved": "https://registry.npmjs.org/popper.js/-/popper.js-1.14.4.tgz",
      "integrity": "sha1-juwdj/AqWjoVLdQ0FKFce3n9abY="
    },
    "tslib": {
      "version": "1.9.3",
      "resolved": "https://registry.npmjs.org/tslib/-/tslib-1.9.3.tgz",
      "integrity": "sha512-4krF8scpejhaOgqzBEcGM7yDIEfi0/8+8zDRZhNZZ2kjmHJ4hv3zCbQWxoJGz1iw5U0Jl0nma13xzHXcncMavQ=="
    }
  }
}
